// !$*UTF8*$!
{
	archiveVersion = 1;
	classes = {
	};
	objectVersion = 54;
	objects = {

/* Begin PBXBuildFile section */
		08FF4D43162E24EABD45A19F /* GuidrTimerWidgetBundle.swift in Sources */ = {isa = PBXBuildFile; fileRef = 04424E6BE0C37B437AEEA925 /* GuidrTimerWidgetBundle.swift */; };
		0C80B921A6F3F58F76C31292 /* libPods-guidr.a in Frameworks */ = {isa = PBXBuildFile; fileRef = 5DCACB8F33CDC322A6C60F78 /* libPods-guidr.a */; };
		13B07FBF1A68108700A75B9A /* Images.xcassets in Resources */ = {isa = PBXBuildFile; fileRef = 13B07FB51A68108700A75B9A /* Images.xcassets */; };
		340507DDD54A8C92BE78752F /* PrivacyInfo.xcprivacy in Resources */ = {isa = PBXBuildFile; fileRef = 13B07FB81A68108700A75B9A /* PrivacyInfo.xcprivacy */; };
		3F8EA7B94545BA1816BFF45B /* LiveActivityModuleBridge.m in Sources */ = {isa = PBXBuildFile; fileRef = B60A78F642DD5279794993EC /* LiveActivityModuleBridge.m */; };
		413C444F05526F31CFD26814 /* Foundation.framework in Frameworks */ = {isa = PBXBuildFile; fileRef = 5DC02BC820536990C5FC94F0 /* Foundation.framework */; };
		5F619710012131604894698E /* LiveActivityModule.swift in Sources */ = {isa = PBXBuildFile; fileRef = 6DEDDE1947E31B3C23D3B3D3 /* LiveActivityModule.swift */; };
		761780ED2CA45674006654EE /* AppDelegate.swift in Sources */ = {isa = PBXBuildFile; fileRef = 761780EC2CA45674006654EE /* AppDelegate.swift */; };
		7D8E9F0A1B2C3D4E5F6A7B8C /* DiagnosticLogger.swift in Sources */ = {isa = PBXBuildFile; fileRef = 4A5B6C7D8E9F0A1B2C3D4E5F /* DiagnosticLogger.swift */; };
		817B26EB743E42FC6B2AACBB /* GuidrTimerWidgetLiveActivity.swift in Sources */ = {isa = PBXBuildFile; fileRef = 314EDA045DE8B984BDDDE581 /* GuidrTimerWidgetLiveActivity.swift */; };
		81AB9BB82411601600AC10FF /* LaunchScreen.storyboard in Resources */ = {isa = PBXBuildFile; fileRef = 81AB9BB72411601600AC10FF /* LaunchScreen.storyboard */; };
		8E9F0A1B2C3D4E5F6A7B8C9D /* DiagnosticLogModule.swift in Sources */ = {isa = PBXBuildFile; fileRef = 5B6C7D8E9F0A1B2C3D4E5F6A /* DiagnosticLogModule.swift */; };
		9F0A1B2C3D4E5F6A7B8C9D0E /* DiagnosticLogModule.m in Sources */ = {isa = PBXBuildFile; fileRef = 6C7D8E9F0A1B2C3D4E5F6A7B /* DiagnosticLogModule.m */; };
		A4B5C6D7E8F9A0B1C2D3E4F5 /* SharedTimerStorage.swift in Sources */ = {isa = PBXBuildFile; fileRef = D1E2F3A4B5C6D7E8F9A0B1C2 /* SharedTimerStorage.swift */; };
		AB279DD88B018B578BC6FC9C /* GuidrTimerAttributes.swift in Sources */ = {isa = PBXBuildFile; fileRef = FAB2CFA75B48E19E8F9DB880 /* GuidrTimerAttributes.swift */; };
		B1B2B3B4B5B6B7B8B9C0C1C2 /* TimerFormatting.swift in Sources */ = {isa = PBXBuildFile; fileRef = A1A2A3A4B5B6C7C8D9D0E1E2 /* TimerFormatting.swift */; };
		B1C2D3E4F5A6B7C8D9E0F1A2 /* NotificationHelper.swift in Sources */ = {isa = PBXBuildFile; fileRef = 1A2B3C4D5E6F7A8B9C0D1E2F /* NotificationHelper.swift */; };
		B2C3D4E5F6A7B8C9D0E1F2A3 /* NotificationModule.swift in Sources */ = {isa = PBXBuildFile; fileRef = 2A3B4C5D6E7F8A9B0C1D2E3F /* NotificationModule.swift */; };
		B3C4D5E6F7A8B9C0D1E2F3A4 /* NotificationModuleBridge.m in Sources */ = {isa = PBXBuildFile; fileRef = 3A4B5C6D7E8F9A0B1C2D3E4F /* NotificationModuleBridge.m */; };
		B5C6D7E8F9A0B1C2D3E4F5A6 /* SharedTimerStorage.swift in Sources */ = {isa = PBXBuildFile; fileRef = D1E2F3A4B5C6D7E8F9A0B1C2 /* SharedTimerStorage.swift */; };
		BB2CC3DD4EE5FF6AA7BB8CC9 /* SharedDiagnosticLogger.swift in Sources */ = {isa = PBXBuildFile; fileRef = AA1BB2CC3DD4EE5FF6AA7BB8 /* SharedDiagnosticLogger.swift */; };
		C6D7E8F9A0B1C2D3E4F5A6B7 /* HomeWidgetTimelineProvider.swift in Sources */ = {isa = PBXBuildFile; fileRef = E2F3A4B5C6D7E8F9A0B1C2D3 /* HomeWidgetTimelineProvider.swift */; };
		C7D3E8A91F4B2560D8E07A3C /* GuidrTimerAttributes.swift in Sources */ = {isa = PBXBuildFile; fileRef = FAB2CFA75B48E19E8F9DB880 /* GuidrTimerAttributes.swift */; };
		D7E8F9A0B1C2D3E4F5A6B7C8 /* GuidrHomeWidget.swift in Sources */ = {isa = PBXBuildFile; fileRef = F3A4B5C6D7E8F9A0B1C2D3E4 /* GuidrHomeWidget.swift */; };
		E1E2F3F4A5A6B7B8C9C0D1D2 /* TimerFormatting.swift in Sources */ = {isa = PBXBuildFile; fileRef = A1A2A3A4B5B6C7C8D9D0E1E2 /* TimerFormatting.swift */; };
		E3E4F5F6A7A8B9B0C1C2D3D4 /* SharedTimerStorage.swift in Sources */ = {isa = PBXBuildFile; fileRef = D1E2F3A4B5C6D7E8F9A0B1C2 /* SharedTimerStorage.swift */; };
		E5E6F7F8A9A0B1B2C3C4D5D6 /* GuidrTimerAttributes.swift in Sources */ = {isa = PBXBuildFile; fileRef = FAB2CFA75B48E19E8F9DB880 /* GuidrTimerAttributes.swift */; };
		E7E8F9F0A1A2B3B4C5C6D7D8 /* SharedDiagnosticLogger.swift in Sources */ = {isa = PBXBuildFile; fileRef = AA1BB2CC3DD4EE5FF6AA7BB8 /* SharedDiagnosticLogger.swift */; };
		E9E0F1F2A3A4B5B6C7C8D9DA /* HomeWidgetTimelineProvider.swift in Sources */ = {isa = PBXBuildFile; fileRef = E2F3A4B5C6D7E8F9A0B1C2D3 /* HomeWidgetTimelineProvider.swift */; };
		F1F2A3A4B5B6C7C8D9D0E1E2 /* TimerFormattingTests.swift in Sources */ = {isa = PBXBuildFile; fileRef = C1C2D3D4E5E6F7F8A9A0B1B2 /* TimerFormattingTests.swift */; };
		F3F4A5A6B7B8C9C0D1D2E3E4 /* SharedTimerStorageTests.swift in Sources */ = {isa = PBXBuildFile; fileRef = C3C4D5D6E7E8F9F0A1A2B3B4 /* SharedTimerStorageTests.swift */; };
		F5F6A7A8B9B0C1C2D3D4E5E6 /* HomeWidgetEntryTests.swift in Sources */ = {isa = PBXBuildFile; fileRef = C5C6D7D8E9E0F1F2A3A4B5B6 /* HomeWidgetEntryTests.swift */; };
		F7F8A9A0B1B2C3C4D5D6E7E8 /* ContentStateBuildingTests.swift in Sources */ = {isa = PBXBuildFile; fileRef = C7C8D9D0E1E2F3F4A5A6B7B8 /* ContentStateBuildingTests.swift */; };
		F9A0B1C2D3E4F5A6B7C8D9EA /* WidgetRenderingHelpers.swift in Sources */ = {isa = PBXBuildFile; fileRef = E8F9A0B1C2D3E4F5A6B7C8D9 /* WidgetRenderingHelpers.swift */; };
		F9F0A1A2B3B4C5C6D7D8E9E0 /* TimelineProviderTests.swift in Sources */ = {isa = PBXBuildFile; fileRef = C9C0D1D2E3E4F5F6A7A8B9B0 /* TimelineProviderTests.swift */; };
		FC508176FC966C05B5DEDF3A /* GuidrTimerWidgetExtension.appex in Embed App Extensions */ = {isa = PBXBuildFile; fileRef = F14C5812C50ECDF3B32C971D /* GuidrTimerWidgetExtension.appex */; settings = {ATTRIBUTES = (RemoveHeadersOnCopy, ); }; };
/* End PBXBuildFile section */

/* Begin PBXContainerItemProxy section */
		DE1128FE524DA4D23B0DD16C /* PBXContainerItemProxy */ = {
			isa = PBXContainerItemProxy;
			containerPortal = 83CBB9F71A601CBA00E9B192 /* Project object */;
			proxyType = 1;
			remoteGlobalIDString = 634A27779FA66ECE5268AE44;
			remoteInfo = GuidrTimerWidgetExtension;
		};
/* End PBXContainerItemProxy section */

/* Begin PBXCopyFilesBuildPhase section */
		7164C7A5341D985C0CFA07FD /* Embed App Extensions */ = {
			isa = PBXCopyFilesBuildPhase;
			buildActionMask = 2147483647;
			dstPath = "";
			dstSubfolderSpec = 13;
			files = (
				FC508176FC966C05B5DEDF3A /* GuidrTimerWidgetExtension.appex in Embed App Extensions */,
			);
			name = "Embed App Extensions";
			runOnlyForDeploymentPostprocessing = 0;
		};
/* End PBXCopyFilesBuildPhase section */

/* Begin PBXFileReference section */
		04424E6BE0C37B437AEEA925 /* GuidrTimerWidgetBundle.swift */ = {isa = PBXFileReference; includeInIndex = 1; lastKnownFileType = sourcecode.swift; path = GuidrTimerWidgetBundle.swift; sourceTree = "<group>"; };
		11F9B7D85588CC58815D1D3F /* GuidrTimerWidget.entitlements */ = {isa = PBXFileReference; includeInIndex = 1; lastKnownFileType = text.plist.entitlements; path = GuidrTimerWidget.entitlements; sourceTree = "<group>"; };
		13B07F961A680F5B00A75B9A /* guidr.app */ = {isa = PBXFileReference; explicitFileType = wrapper.application; includeInIndex = 0; path = guidr.app; sourceTree = BUILT_PRODUCTS_DIR; };
		13B07FB51A68108700A75B9A /* Images.xcassets */ = {isa = PBXFileReference; lastKnownFileType = folder.assetcatalog; name = Images.xcassets; path = guidr/Images.xcassets; sourceTree = "<group>"; };
		13B07FB61A68108700A75B9A /* Info.plist */ = {isa = PBXFileReference; fileEncoding = 4; lastKnownFileType = text.plist.xml; name = Info.plist; path = guidr/Info.plist; sourceTree = "<group>"; };
		13B07FB81A68108700A75B9A /* PrivacyInfo.xcprivacy */ = {isa = PBXFileReference; fileEncoding = 4; lastKnownFileType = text.plist.xml; name = PrivacyInfo.xcprivacy; path = guidr/PrivacyInfo.xcprivacy; sourceTree = "<group>"; };
		1A2B3C4D5E6F7A8B9C0D1E2F /* NotificationHelper.swift */ = {isa = PBXFileReference; includeInIndex = 1; lastKnownFileType = sourcecode.swift; name = NotificationHelper.swift; path = guidr/NotificationHelper.swift; sourceTree = "<group>"; };
		2A3B4C5D6E7F8A9B0C1D2E3F /* NotificationModule.swift */ = {isa = PBXFileReference; includeInIndex = 1; lastKnownFileType = sourcecode.swift; name = NotificationModule.swift; path = guidr/NotificationModule.swift; sourceTree = "<group>"; };
		314EDA045DE8B984BDDDE581 /* GuidrTimerWidgetLiveActivity.swift */ = {isa = PBXFileReference; includeInIndex = 1; lastKnownFileType = sourcecode.swift; path = GuidrTimerWidgetLiveActivity.swift; sourceTree = "<group>"; };
		3A4B5C6D7E8F9A0B1C2D3E4F /* NotificationModuleBridge.m */ = {isa = PBXFileReference; includeInIndex = 1; lastKnownFileType = sourcecode.c.objc; name = NotificationModuleBridge.m; path = guidr/NotificationModuleBridge.m; sourceTree = "<group>"; };
		3B4392A12AC88292D35C810B /* Pods-guidr.debug.xcconfig */ = {isa = PBXFileReference; includeInIndex = 1; lastKnownFileType = text.xcconfig; name = "Pods-guidr.debug.xcconfig"; path = "Target Support Files/Pods-guidr/Pods-guidr.debug.xcconfig"; sourceTree = "<group>"; };
		4A5B6C7D8E9F0A1B2C3D4E5F /* DiagnosticLogger.swift */ = {isa = PBXFileReference; includeInIndex = 1; lastKnownFileType = sourcecode.swift; name = DiagnosticLogger.swift; path = guidr/DiagnosticLogger.swift; sourceTree = "<group>"; };
		5709B34CF0A7D63546082F79 /* Pods-guidr.release.xcconfig */ = {isa = PBXFileReference; includeInIndex = 1; lastKnownFileType = text.xcconfig; name = "Pods-guidr.release.xcconfig"; path = "Target Support Files/Pods-guidr/Pods-guidr.release.xcconfig"; sourceTree = "<group>"; };
		5B6C7D8E9F0A1B2C3D4E5F6A /* DiagnosticLogModule.swift */ = {isa = PBXFileReference; includeInIndex = 1; lastKnownFileType = sourcecode.swift; name = DiagnosticLogModule.swift; path = guidr/DiagnosticLogModule.swift; sourceTree = "<group>"; };
		5DC02BC820536990C5FC94F0 /* Foundation.framework */ = {isa = PBXFileReference; lastKnownFileType = wrapper.framework; name = Foundation.framework; path = Platforms/iPhoneOS.platform/Developer/SDKs/iPhoneOS18.0.sdk/System/Library/Frameworks/Foundation.framework; sourceTree = DEVELOPER_DIR; };
		5DCACB8F33CDC322A6C60F78 /* libPods-guidr.a */ = {isa = PBXFileReference; explicitFileType = archive.ar; includeInIndex = 0; path = "libPods-guidr.a"; sourceTree = BUILT_PRODUCTS_DIR; };
		6C7D8E9F0A1B2C3D4E5F6A7B /* DiagnosticLogModule.m */ = {isa = PBXFileReference; includeInIndex = 1; lastKnownFileType = sourcecode.c.objc; name = DiagnosticLogModule.m; path = guidr/DiagnosticLogModule.m; sourceTree = "<group>"; };
		6DEDDE1947E31B3C23D3B3D3 /* LiveActivityModule.swift */ = {isa = PBXFileReference; includeInIndex = 1; lastKnownFileType = sourcecode.swift; name = LiveActivityModule.swift; path = guidr/LiveActivityModule.swift; sourceTree = "<group>"; };
		761780EC2CA45674006654EE /* AppDelegate.swift */ = {isa = PBXFileReference; lastKnownFileType = sourcecode.swift; name = AppDelegate.swift; path = guidr/AppDelegate.swift; sourceTree = "<group>"; };
		81AB9BB72411601600AC10FF /* LaunchScreen.storyboard */ = {isa = PBXFileReference; fileEncoding = 4; lastKnownFileType = file.storyboard; name = LaunchScreen.storyboard; path = guidr/LaunchScreen.storyboard; sourceTree = "<group>"; };
		A1A2A3A4B5B6C7C8D9D0E1E2 /* TimerFormatting.swift */ = {isa = PBXFileReference; includeInIndex = 1; lastKnownFileType = sourcecode.swift; path = TimerFormatting.swift; sourceTree = "<group>"; };
		A1B2C3D4E5F60718293A4B5C /* Info.plist */ = {isa = PBXFileReference; lastKnownFileType = text.plist.xml; path = Info.plist; sourceTree = "<group>"; };
		AA1BB2CC3DD4EE5FF6AA7BB8 /* SharedDiagnosticLogger.swift */ = {isa = PBXFileReference; includeInIndex = 1; lastKnownFileType = sourcecode.swift; path = SharedDiagnosticLogger.swift; sourceTree = "<group>"; };
		B60A78F642DD5279794993EC /* LiveActivityModuleBridge.m */ = {isa = PBXFileReference; includeInIndex = 1; lastKnownFileType = sourcecode.c.objc; name = LiveActivityModuleBridge.m; path = guidr/LiveActivityModuleBridge.m; sourceTree = "<group>"; };
		C1C2D3D4E5E6F7F8A9A0B1B2 /* TimerFormattingTests.swift */ = {isa = PBXFileReference; includeInIndex = 1; lastKnownFileType = sourcecode.swift; path = TimerFormattingTests.swift; sourceTree = "<group>"; };
		C3C4D5D6E7E8F9F0A1A2B3B4 /* SharedTimerStorageTests.swift */ = {isa = PBXFileReference; includeInIndex = 1; lastKnownFileType = sourcecode.swift; path = SharedTimerStorageTests.swift; sourceTree = "<group>"; };
		C5C6D7D8E9E0F1F2A3A4B5B6 /* HomeWidgetEntryTests.swift */ = {isa = PBXFileReference; includeInIndex = 1; lastKnownFileType = sourcecode.swift; path = HomeWidgetEntryTests.swift; sourceTree = "<group>"; };
		C7C8D9D0E1E2F3F4A5A6B7B8 /* ContentStateBuildingTests.swift */ = {isa = PBXFileReference; includeInIndex = 1; lastKnownFileType = sourcecode.swift; path = ContentStateBuildingTests.swift; sourceTree = "<group>"; };
		C9C0D1D2E3E4F5F6A7A8B9B0 /* TimelineProviderTests.swift */ = {isa = PBXFileReference; includeInIndex = 1; lastKnownFileType = sourcecode.swift; path = TimelineProviderTests.swift; sourceTree = "<group>"; };
		D1E2F3A4B5C6D7E8F9A0B1C2 /* SharedTimerStorage.swift */ = {isa = PBXFileReference; includeInIndex = 1; lastKnownFileType = sourcecode.swift; path = SharedTimerStorage.swift; sourceTree = "<group>"; };
		D3D4E5E6F7F8A9A0B1B2C3C4 /* GuidrWidgetTests.xctest */ = {isa = PBXFileReference; explicitFileType = wrapper.cfbundle; includeInIndex = 0; path = GuidrWidgetTests.xctest; sourceTree = BUILT_PRODUCTS_DIR; };
		E2F3A4B5C6D7E8F9A0B1C2D3 /* HomeWidgetTimelineProvider.swift */ = {isa = PBXFileReference; includeInIndex = 1; lastKnownFileType = sourcecode.swift; path = HomeWidgetTimelineProvider.swift; sourceTree = "<group>"; };
		E8F9A0B1C2D3E4F5A6B7C8D9 /* WidgetRenderingHelpers.swift */ = {isa = PBXFileReference; includeInIndex = 1; lastKnownFileType = sourcecode.swift; path = WidgetRenderingHelpers.swift; sourceTree = "<group>"; };
		ED297162215061F000B7C4FE /* JavaScriptCore.framework */ = {isa = PBXFileReference; lastKnownFileType = wrapper.framework; name = JavaScriptCore.framework; path = System/Library/Frameworks/JavaScriptCore.framework; sourceTree = SDKROOT; };
		F14C5812C50ECDF3B32C971D /* GuidrTimerWidgetExtension.appex */ = {isa = PBXFileReference; explicitFileType = "wrapper.app-extension"; includeInIndex = 0; path = GuidrTimerWidgetExtension.appex; sourceTree = BUILT_PRODUCTS_DIR; };
		F1A2B3C4D5E6F7A8B9C0D1E2 /* guidr.entitlements */ = {isa = PBXFileReference; lastKnownFileType = text.plist.entitlements; name = guidr.entitlements; path = guidr/guidr.entitlements; sourceTree = "<group>"; };
		F3A4B5C6D7E8F9A0B1C2D3E4 /* GuidrHomeWidget.swift */ = {isa = PBXFileReference; includeInIndex = 1; lastKnownFileType = sourcecode.swift; path = GuidrHomeWidget.swift; sourceTree = "<group>"; };
		FAB2CFA75B48E19E8F9DB880 /* GuidrTimerAttributes.swift */ = {isa = PBXFileReference; includeInIndex = 1; lastKnownFileType = sourcecode.swift; path = GuidrTimerAttributes.swift; sourceTree = "<group>"; };
/* End PBXFileReference section */

/* Begin PBXFrameworksBuildPhase section */
		13B07F8C1A680F5B00A75B9A /* Frameworks */ = {
			isa = PBXFrameworksBuildPhase;
			buildActionMask = 2147483647;
			files = (
				0C80B921A6F3F58F76C31292 /* libPods-guidr.a in Frameworks */,
			);
			runOnlyForDeploymentPostprocessing = 0;
		};
		52B9301C99C33D3FA8893606 /* Frameworks */ = {
			isa = PBXFrameworksBuildPhase;
			buildActionMask = 2147483647;
			files = (
				413C444F05526F31CFD26814 /* Foundation.framework in Frameworks */,
			);
			runOnlyForDeploymentPostprocessing = 0;
		};
		D9D0E1E2F3F4A5A6B7B8C9C0 /* Frameworks */ = {
			isa = PBXFrameworksBuildPhase;
			buildActionMask = 2147483647;
			files = (
			);
			runOnlyForDeploymentPostprocessing = 0;
		};
/* End PBXFrameworksBuildPhase section */

/* Begin PBXGroup section */
		13B07FAE1A68108700A75B9A /* guidr */ = {
			isa = PBXGroup;
			children = (
				13B07FB51A68108700A75B9A /* Images.xcassets */,
				761780EC2CA45674006654EE /* AppDelegate.swift */,
				13B07FB61A68108700A75B9A /* Info.plist */,
				F1A2B3C4D5E6F7A8B9C0D1E2 /* guidr.entitlements */,
				81AB9BB72411601600AC10FF /* LaunchScreen.storyboard */,
				13B07FB81A68108700A75B9A /* PrivacyInfo.xcprivacy */,
				6DEDDE1947E31B3C23D3B3D3 /* LiveActivityModule.swift */,
				B60A78F642DD5279794993EC /* LiveActivityModuleBridge.m */,
				1A2B3C4D5E6F7A8B9C0D1E2F /* NotificationHelper.swift */,
				2A3B4C5D6E7F8A9B0C1D2E3F /* NotificationModule.swift */,
				3A4B5C6D7E8F9A0B1C2D3E4F /* NotificationModuleBridge.m */,
				4A5B6C7D8E9F0A1B2C3D4E5F /* DiagnosticLogger.swift */,
				5B6C7D8E9F0A1B2C3D4E5F6A /* DiagnosticLogModule.swift */,
				6C7D8E9F0A1B2C3D4E5F6A7B /* DiagnosticLogModule.m */,
			);
			name = guidr;
			sourceTree = "<group>";
		};
		2D16E6871FA4F8E400B85C8A /* Frameworks */ = {
			isa = PBXGroup;
			children = (
				ED297162215061F000B7C4FE /* JavaScriptCore.framework */,
				5DCACB8F33CDC322A6C60F78 /* libPods-guidr.a */,
				9D435354B1BD10E2F22A183E /* iOS */,
			);
			name = Frameworks;
			sourceTree = "<group>";
		};
		3AFA926B89F785D74EF00EF7 /* GuidrTimerWidget */ = {
			isa = PBXGroup;
			children = (
				FAB2CFA75B48E19E8F9DB880 /* GuidrTimerAttributes.swift */,
				D1E2F3A4B5C6D7E8F9A0B1C2 /* SharedTimerStorage.swift */,
				A1A2A3A4B5B6C7C8D9D0E1E2 /* TimerFormatting.swift */,
				314EDA045DE8B984BDDDE581 /* GuidrTimerWidgetLiveActivity.swift */,
				E2F3A4B5C6D7E8F9A0B1C2D3 /* HomeWidgetTimelineProvider.swift */,
				F3A4B5C6D7E8F9A0B1C2D3E4 /* GuidrHomeWidget.swift */,
				E8F9A0B1C2D3E4F5A6B7C8D9 /* WidgetRenderingHelpers.swift */,
				AA1BB2CC3DD4EE5FF6AA7BB8 /* SharedDiagnosticLogger.swift */,
				04424E6BE0C37B437AEEA925 /* GuidrTimerWidgetBundle.swift */,
				11F9B7D85588CC58815D1D3F /* GuidrTimerWidget.entitlements */,
				A1B2C3D4E5F60718293A4B5C /* Info.plist */,
			);
			name = GuidrTimerWidget;
			path = GuidrTimerWidget;
			sourceTree = "<group>";
		};
		832341AE1AAA6A7D00B99B32 /* Libraries */ = {
			isa = PBXGroup;
			children = (
			);
			name = Libraries;
			sourceTree = "<group>";
		};
		83CBB9F61A601CBA00E9B192 = {
			isa = PBXGroup;
			children = (
				13B07FAE1A68108700A75B9A /* guidr */,
				832341AE1AAA6A7D00B99B32 /* Libraries */,
				83CBBA001A601CBA00E9B192 /* Products */,
				2D16E6871FA4F8E400B85C8A /* Frameworks */,
				BBD78D7AC51CEA395F1C20DB /* Pods */,
				3AFA926B89F785D74EF00EF7 /* GuidrTimerWidget */,
				D1D2E3E4F5F6A7A8B9B0C1C2 /* GuidrWidgetTests */,
			);
			indentWidth = 2;
			sourceTree = "<group>";
			tabWidth = 2;
			usesTabs = 0;
		};
		83CBBA001A601CBA00E9B192 /* Products */ = {
			isa = PBXGroup;
			children = (
				13B07F961A680F5B00A75B9A /* guidr.app */,
				F14C5812C50ECDF3B32C971D /* GuidrTimerWidgetExtension.appex */,
				D3D4E5E6F7F8A9A0B1B2C3C4 /* GuidrWidgetTests.xctest */,
			);
			name = Products;
			sourceTree = "<group>";
		};
		9D435354B1BD10E2F22A183E /* iOS */ = {
			isa = PBXGroup;
			children = (
				5DC02BC820536990C5FC94F0 /* Foundation.framework */,
			);
			name = iOS;
			sourceTree = "<group>";
		};
		BBD78D7AC51CEA395F1C20DB /* Pods */ = {
			isa = PBXGroup;
			children = (
				3B4392A12AC88292D35C810B /* Pods-guidr.debug.xcconfig */,
				5709B34CF0A7D63546082F79 /* Pods-guidr.release.xcconfig */,
			);
			path = Pods;
			sourceTree = "<group>";
		};
		D1D2E3E4F5F6A7A8B9B0C1C2 /* GuidrWidgetTests */ = {
			isa = PBXGroup;
			children = (
				C1C2D3D4E5E6F7F8A9A0B1B2 /* TimerFormattingTests.swift */,
				C3C4D5D6E7E8F9F0A1A2B3B4 /* SharedTimerStorageTests.swift */,
				C5C6D7D8E9E0F1F2A3A4B5B6 /* HomeWidgetEntryTests.swift */,
				C7C8D9D0E1E2F3F4A5A6B7B8 /* ContentStateBuildingTests.swift */,
				C9C0D1D2E3E4F5F6A7A8B9B0 /* TimelineProviderTests.swift */,
			);
			name = GuidrWidgetTests;
			path = GuidrWidgetTests;
			sourceTree = "<group>";
		};
/* End PBXGroup section */

/* Begin PBXNativeTarget section */
		13B07F861A680F5B00A75B9A /* guidr */ = {
			isa = PBXNativeTarget;
			buildConfigurationList = 13B07F931A680F5B00A75B9A /* Build configuration list for PBXNativeTarget "guidr" */;
			buildPhases = (
				C38B50BA6285516D6DCD4F65 /* [CP] Check Pods Manifest.lock */,
				A1B2C3D4E5F6A7B8C9D0E1F2 /* Copy Configuration File */,
				13B07F871A680F5B00A75B9A /* Sources */,
				13B07F8C1A680F5B00A75B9A /* Frameworks */,
				13B07F8E1A680F5B00A75B9A /* Resources */,
				00DD1BFF1BD5951E006B06BC /* Bundle React Native code and images */,
				00EEFC60759A1932668264C0 /* [CP] Embed Pods Frameworks */,
				E235C05ADACE081382539298 /* [CP] Copy Pods Resources */,
				EF490379CCF54C75AC7E6EB4 /* Upload Debug Symbols to Sentry */,
				7164C7A5341D985C0CFA07FD /* Embed App Extensions */,
			);
			buildRules = (
			);
			dependencies = (
				57322EEEACB494925A6DC8CE /* PBXTargetDependency */,
			);
			name = guidr;
			productName = guidr;
			productReference = 13B07F961A680F5B00A75B9A /* guidr.app */;
			productType = "com.apple.product-type.application";
		};
		634A27779FA66ECE5268AE44 /* GuidrTimerWidgetExtension */ = {
			isa = PBXNativeTarget;
			buildConfigurationList = 3C83244A6FC720FA97284D3B /* Build configuration list for PBXNativeTarget "GuidrTimerWidgetExtension" */;
			buildPhases = (
				24C2A026FECB6F879FDAC602 /* Sources */,
				52B9301C99C33D3FA8893606 /* Frameworks */,
				5F412B3421DD1198D47E09DE /* Resources */,
			);
			buildRules = (
			);
			dependencies = (
			);
			name = GuidrTimerWidgetExtension;
			productName = GuidrTimerWidgetExtension;
			productReference = F14C5812C50ECDF3B32C971D /* GuidrTimerWidgetExtension.appex */;
			productType = "com.apple.product-type.app-extension";
		};
		D5D6E7E8F9F0A1A2B3B4C5C6 /* GuidrWidgetTests */ = {
			isa = PBXNativeTarget;
			buildConfigurationList = F0F1A2A3B4B5C6C7D8D9E0E1 /* Build configuration list for PBXNativeTarget "GuidrWidgetTests" */;
			buildPhases = (
				D7D8E9E0F1F2A3A4B5B6C7C8 /* Sources */,
				D9D0E1E2F3F4A5A6B7B8C9C0 /* Frameworks */,
				E0E1F2F3A4A5B6B7C8C9D0D1 /* Resources */,
			);
			buildRules = (
			);
			dependencies = (
			);
			name = GuidrWidgetTests;
			productName = GuidrWidgetTests;
			productReference = D3D4E5E6F7F8A9A0B1B2C3C4 /* GuidrWidgetTests.xctest */;
			productType = "com.apple.product-type.bundle.unit-test";
		};
/* End PBXNativeTarget section */

/* Begin PBXProject section */
		83CBB9F71A601CBA00E9B192 /* Project object */ = {
			isa = PBXProject;
			attributes = {
				LastUpgradeCheck = 1210;
				TargetAttributes = {
					13B07F861A680F5B00A75B9A = {
						LastSwiftMigration = 1120;
					};
					634A27779FA66ECE5268AE44 = {
						CreatedOnToolsVersion = 15.0;
					};
					D5D6E7E8F9F0A1A2B3B4C5C6 = {
						CreatedOnToolsVersion = 15.0;
					};
				};
			};
			buildConfigurationList = 83CBB9FA1A601CBA00E9B192 /* Build configuration list for PBXProject "guidr" */;
			compatibilityVersion = "Xcode 12.0";
			developmentRegion = en;
			hasScannedForEncodings = 0;
			knownRegions = (
				en,
				Base,
			);
			mainGroup = 83CBB9F61A601CBA00E9B192;
			productRefGroup = 83CBBA001A601CBA00E9B192 /* Products */;
			projectDirPath = "";
			projectRoot = "";
			targets = (
				13B07F861A680F5B00A75B9A /* guidr */,
				634A27779FA66ECE5268AE44 /* GuidrTimerWidgetExtension */,
				D5D6E7E8F9F0A1A2B3B4C5C6 /* GuidrWidgetTests */,
			);
		};
/* End PBXProject section */

/* Begin PBXResourcesBuildPhase section */
		13B07F8E1A680F5B00A75B9A /* Resources */ = {
			isa = PBXResourcesBuildPhase;
			buildActionMask = 2147483647;
			files = (
				81AB9BB82411601600AC10FF /* LaunchScreen.storyboard in Resources */,
				13B07FBF1A68108700A75B9A /* Images.xcassets in Resources */,
				340507DDD54A8C92BE78752F /* PrivacyInfo.xcprivacy in Resources */,
			);
			runOnlyForDeploymentPostprocessing = 0;
		};
		5F412B3421DD1198D47E09DE /* Resources */ = {
			isa = PBXResourcesBuildPhase;
			buildActionMask = 2147483647;
			files = (
			);
			runOnlyForDeploymentPostprocessing = 0;
		};
		E0E1F2F3A4A5B6B7C8C9D0D1 /* Resources */ = {
			isa = PBXResourcesBuildPhase;
			buildActionMask = 2147483647;
			files = (
			);
			runOnlyForDeploymentPostprocessing = 0;
		};
/* End PBXResourcesBuildPhase section */

/* Begin PBXShellScriptBuildPhase section */
		00DD1BFF1BD5951E006B06BC /* Bundle React Native code and images */ = {
			isa = PBXShellScriptBuildPhase;
			buildActionMask = 2147483647;
			files = (
			);
			inputPaths = (
				"$(SRCROOT)/.xcode.env.local",
				"$(SRCROOT)/.xcode.env",
			);
			name = "Bundle React Native code and images";
			outputPaths = (
			);
			runOnlyForDeploymentPostprocessing = 0;
			shellPath = /bin/sh;
			shellScript = "set -e\n\nWITH_ENVIRONMENT=\"$REACT_NATIVE_PATH/scripts/xcode/with-environment.sh\"\nSENTRY_XCODE=\"$REACT_NATIVE_PATH/../@sentry/react-native/scripts/sentry-xcode.sh\"\n\n/bin/sh -c \"\\\"$WITH_ENVIRONMENT\\\" \\\"$SENTRY_XCODE\\\"\"\n";
		};
		00EEFC60759A1932668264C0 /* [CP] Embed Pods Frameworks */ = {
			isa = PBXShellScriptBuildPhase;
			buildActionMask = 2147483647;
			files = (
			);
			inputFileListPaths = (
				"${PODS_ROOT}/Target Support Files/Pods-guidr/Pods-guidr-frameworks-${CONFIGURATION}-input-files.xcfilelist",
			);
			name = "[CP] Embed Pods Frameworks";
			outputFileListPaths = (
				"${PODS_ROOT}/Target Support Files/Pods-guidr/Pods-guidr-frameworks-${CONFIGURATION}-output-files.xcfilelist",
			);
			runOnlyForDeploymentPostprocessing = 0;
			shellPath = /bin/sh;
			shellScript = "\"${PODS_ROOT}/Target Support Files/Pods-guidr/Pods-guidr-frameworks.sh\"\n";
			showEnvVarsInLog = 0;
		};
		A1B2C3D4E5F6A7B8C9D0E1F2 /* Copy Configuration File */ = {
			isa = PBXShellScriptBuildPhase;
			buildActionMask = 2147483647;
			files = (
			);
			inputPaths = (
				"$(SRCROOT)/guidr/default-configuration.toml",
			);
			name = "Copy Configuration File";
			outputPaths = (
				"$(BUILT_PRODUCTS_DIR)/$(PRODUCT_NAME).app/default-configuration.toml",
			);
			runOnlyForDeploymentPostprocessing = 0;
			shellPath = /bin/sh;
			shellScript = "set -e\n\nCONFIG_SOURCE=\"${SRCROOT}/guidr/default-configuration.toml\"\nCONFIG_DEST=\"${BUILT_PRODUCTS_DIR}/${PRODUCT_NAME}.app/default-configuration.toml\"\n\nif [ -f \"$CONFIG_SOURCE\" ]; then\n    echo \"Copying configuration file to app bundle...\"\n    cp \"$CONFIG_SOURCE\" \"$CONFIG_DEST\"\n    echo \"Configuration file copied successfully.\"\nelse\n    echo \"error: Configuration file not found at $CONFIG_SOURCE\"\n    exit 1\nfi\n";
		};
		C38B50BA6285516D6DCD4F65 /* [CP] Check Pods Manifest.lock */ = {
			isa = PBXShellScriptBuildPhase;
			buildActionMask = 2147483647;
			files = (
			);
			inputPaths = (
				"${PODS_PODFILE_DIR_PATH}/Podfile.lock",
				"${PODS_ROOT}/Manifest.lock",
			);
			name = "[CP] Check Pods Manifest.lock";
			outputPaths = (
				"$(DERIVED_FILE_DIR)/Pods-guidr-checkManifestLockResult.txt",
			);
			runOnlyForDeploymentPostprocessing = 0;
			shellPath = /bin/sh;
			shellScript = "diff \"${PODS_PODFILE_DIR_PATH}/Podfile.lock\" \"${PODS_ROOT}/Manifest.lock\" > /dev/null\nif [ $? != 0 ] ; then\n    # print error to STDERR\n    echo \"error: The sandbox is not in sync with the Podfile.lock. Run 'pod install' or update your CocoaPods installation.\" >&2\n    exit 1\nfi\n# This output is used by Xcode 'outputs' to avoid re-running this script phase.\necho \"SUCCESS\" > \"${SCRIPT_OUTPUT_FILE_0}\"\n";
			showEnvVarsInLog = 0;
		};
		E235C05ADACE081382539298 /* [CP] Copy Pods Resources */ = {
			isa = PBXShellScriptBuildPhase;
			buildActionMask = 2147483647;
			files = (
			);
			inputFileListPaths = (
				"${PODS_ROOT}/Target Support Files/Pods-guidr/Pods-guidr-resources-${CONFIGURATION}-input-files.xcfilelist",
			);
			name = "[CP] Copy Pods Resources";
			outputFileListPaths = (
				"${PODS_ROOT}/Target Support Files/Pods-guidr/Pods-guidr-resources-${CONFIGURATION}-output-files.xcfilelist",
			);
			runOnlyForDeploymentPostprocessing = 0;
			shellPath = /bin/sh;
			shellScript = "\"${PODS_ROOT}/Target Support Files/Pods-guidr/Pods-guidr-resources.sh\"\n";
			showEnvVarsInLog = 0;
		};
		EF490379CCF54C75AC7E6EB4 /* Upload Debug Symbols to Sentry */ = {
			isa = PBXShellScriptBuildPhase;
			buildActionMask = 2147483647;
			files = (
			);
			inputPaths = (
			);
			name = "Upload Debug Symbols to Sentry";
			outputPaths = (
			);
			runOnlyForDeploymentPostprocessing = 0;
			shellPath = /bin/sh;
			shellScript = "/bin/sh ../node_modules/@sentry/react-native/scripts/sentry-xcode-debug-files.sh";
		};
/* End PBXShellScriptBuildPhase section */

/* Begin PBXSourcesBuildPhase section */
		13B07F871A680F5B00A75B9A /* Sources */ = {
			isa = PBXSourcesBuildPhase;
			buildActionMask = 2147483647;
			files = (
				761780ED2CA45674006654EE /* AppDelegate.swift in Sources */,
				C7D3E8A91F4B2560D8E07A3C /* GuidrTimerAttributes.swift in Sources */,
				B5C6D7E8F9A0B1C2D3E4F5A6 /* SharedTimerStorage.swift in Sources */,
				5F619710012131604894698E /* LiveActivityModule.swift in Sources */,
				3F8EA7B94545BA1816BFF45B /* LiveActivityModuleBridge.m in Sources */,
				B1C2D3E4F5A6B7C8D9E0F1A2 /* NotificationHelper.swift in Sources */,
				B2C3D4E5F6A7B8C9D0E1F2A3 /* NotificationModule.swift in Sources */,
				B3C4D5E6F7A8B9C0D1E2F3A4 /* NotificationModuleBridge.m in Sources */,
				7D8E9F0A1B2C3D4E5F6A7B8C /* DiagnosticLogger.swift in Sources */,
				8E9F0A1B2C3D4E5F6A7B8C9D /* DiagnosticLogModule.swift in Sources */,
				9F0A1B2C3D4E5F6A7B8C9D0E /* DiagnosticLogModule.m in Sources */,
			);
			runOnlyForDeploymentPostprocessing = 0;
		};
		24C2A026FECB6F879FDAC602 /* Sources */ = {
			isa = PBXSourcesBuildPhase;
			buildActionMask = 2147483647;
			files = (
				AB279DD88B018B578BC6FC9C /* GuidrTimerAttributes.swift in Sources */,
				A4B5C6D7E8F9A0B1C2D3E4F5 /* SharedTimerStorage.swift in Sources */,
				B1B2B3B4B5B6B7B8B9C0C1C2 /* TimerFormatting.swift in Sources */,
				817B26EB743E42FC6B2AACBB /* GuidrTimerWidgetLiveActivity.swift in Sources */,
				C6D7E8F9A0B1C2D3E4F5A6B7 /* HomeWidgetTimelineProvider.swift in Sources */,
				D7E8F9A0B1C2D3E4F5A6B7C8 /* GuidrHomeWidget.swift in Sources */,
				F9A0B1C2D3E4F5A6B7C8D9EA /* WidgetRenderingHelpers.swift in Sources */,
				08FF4D43162E24EABD45A19F /* GuidrTimerWidgetBundle.swift in Sources */,
				BB2CC3DD4EE5FF6AA7BB8CC9 /* SharedDiagnosticLogger.swift in Sources */,
			);
			runOnlyForDeploymentPostprocessing = 0;
		};
		D7D8E9E0F1F2A3A4B5B6C7C8 /* Sources */ = {
			isa = PBXSourcesBuildPhase;
			buildActionMask = 2147483647;
			files = (
				E1E2F3F4A5A6B7B8C9C0D1D2 /* TimerFormatting.swift in Sources */,
				E3E4F5F6A7A8B9B0C1C2D3D4 /* SharedTimerStorage.swift in Sources */,
				E5E6F7F8A9A0B1B2C3C4D5D6 /* GuidrTimerAttributes.swift in Sources */,
				E7E8F9F0A1A2B3B4C5C6D7D8 /* SharedDiagnosticLogger.swift in Sources */,
				E9E0F1F2A3A4B5B6C7C8D9DA /* HomeWidgetTimelineProvider.swift in Sources */,
				F1F2A3A4B5B6C7C8D9D0E1E2 /* TimerFormattingTests.swift in Sources */,
				F3F4A5A6B7B8C9C0D1D2E3E4 /* SharedTimerStorageTests.swift in Sources */,
				F5F6A7A8B9B0C1C2D3D4E5E6 /* HomeWidgetEntryTests.swift in Sources */,
				F7F8A9A0B1B2C3C4D5D6E7E8 /* ContentStateBuildingTests.swift in Sources */,
				F9F0A1A2B3B4C5C6D7D8E9E0 /* TimelineProviderTests.swift in Sources */,
			);
			runOnlyForDeploymentPostprocessing = 0;
		};
/* End PBXSourcesBuildPhase section */

/* Begin PBXTargetDependency section */
		57322EEEACB494925A6DC8CE /* PBXTargetDependency */ = {
			isa = PBXTargetDependency;
			name = GuidrTimerWidgetExtension;
			target = 634A27779FA66ECE5268AE44 /* GuidrTimerWidgetExtension */;
			targetProxy = DE1128FE524DA4D23B0DD16C /* PBXContainerItemProxy */;
		};
/* End PBXTargetDependency section */

/* Begin XCBuildConfiguration section */
		13B07F941A680F5B00A75B9A /* Debug */ = {
			isa = XCBuildConfiguration;
			baseConfigurationReference = 3B4392A12AC88292D35C810B /* Pods-guidr.debug.xcconfig */;
			buildSettings = {
				ASSETCATALOG_COMPILER_APPICON_NAME = AppIcon;
				CLANG_ENABLE_MODULES = YES;
				CODE_SIGN_ENTITLEMENTS = guidr/guidr.entitlements;
				CODE_SIGN_IDENTITY = "iPhone Distribution";
				CODE_SIGN_STYLE = Manual;
				CURRENT_PROJECT_VERSION = 1;
				ENABLE_BITCODE = NO;
				INFOPLIST_FILE = guidr/Info.plist;
				IPHONEOS_DEPLOYMENT_TARGET = 26.0;
				LD_RUNPATH_SEARCH_PATHS = (
					"$(inherited)",
					"@executable_path/Frameworks",
				);
				MARKETING_VERSION = 1.84.11;
				OTHER_LDFLAGS = (
					"$(inherited)",
					"-ObjC",
					"-lc++",
				);
				PRODUCT_BUNDLE_IDENTIFIER = com.guidr;
				PRODUCT_NAME = guidr;
				PROVISIONING_PROFILE_SPECIFIER = "match AppStore com.guidr";
				SWIFT_OPTIMIZATION_LEVEL = "-Onone";
				SWIFT_VERSION = 5.0;
				VERSIONING_SYSTEM = "apple-generic";
			};
			name = Debug;
		};
		13B07F951A680F5B00A75B9A /* Release */ = {
			isa = XCBuildConfiguration;
			baseConfigurationReference = 5709B34CF0A7D63546082F79 /* Pods-guidr.release.xcconfig */;
			buildSettings = {
				ASSETCATALOG_COMPILER_APPICON_NAME = AppIcon;
				CLANG_ENABLE_MODULES = YES;
				CODE_SIGN_ENTITLEMENTS = guidr/guidr.entitlements;
				CODE_SIGN_IDENTITY = "iPhone Distribution";
				CODE_SIGN_STYLE = Manual;
				CURRENT_PROJECT_VERSION = 1;
				INFOPLIST_FILE = guidr/Info.plist;
				IPHONEOS_DEPLOYMENT_TARGET = 26.0;
				LD_RUNPATH_SEARCH_PATHS = (
					"$(inherited)",
					"@executable_path/Frameworks",
				);
				MARKETING_VERSION = 1.84.11;
				OTHER_LDFLAGS = (
					"$(inherited)",
					"-ObjC",
					"-lc++",
				);
				PRODUCT_BUNDLE_IDENTIFIER = com.guidr;
				PRODUCT_NAME = guidr;
				PROVISIONING_PROFILE_SPECIFIER = "match AppStore com.guidr";
				SWIFT_VERSION = 5.0;
				VERSIONING_SYSTEM = "apple-generic";
			};
			name = Release;
		};
		571CB7111DAF553E92A6330C /* Debug */ = {
			isa = XCBuildConfiguration;
			buildSettings = {
				ASSETCATALOG_COMPILER_GLOBAL_ACCENT_COLOR_NAME = AccentColor;
				ASSETCATALOG_COMPILER_WIDGET_BACKGROUND_COLOR_NAME = WidgetBackground;
				CLANG_ENABLE_OBJC_WEAK = NO;
				CODE_SIGN_ENTITLEMENTS = GuidrTimerWidget/GuidrTimerWidget.entitlements;
				CODE_SIGN_IDENTITY = "iPhone Distribution";
				CODE_SIGN_STYLE = Manual;
				CURRENT_PROJECT_VERSION = 1;
				GENERATE_INFOPLIST_FILE = YES;
				INFOPLIST_FILE = GuidrTimerWidget/Info.plist;
				INFOPLIST_GENERATION_MODE = GeneratedByXcode;
				IPHONEOS_DEPLOYMENT_TARGET = 26.0;
				LD_RUNPATH_SEARCH_PATHS = (
					"$(inherited)",
					"@executable_path/Frameworks",
					"@executable_path/../../Frameworks",
				);
				MARKETING_VERSION = 1.84.11;
				PRODUCT_BUNDLE_IDENTIFIER = "com.guidr.timer-widget";
				PRODUCT_NAME = GuidrTimerWidgetExtension;
				PROVISIONING_PROFILE_SPECIFIER = "match AppStore com.guidr.timer-widget";
				SDKROOT = iphoneos;
				SWIFT_ACTIVE_COMPILATION_CONDITIONS = "$(inherited) DEBUG";
				SWIFT_EMIT_LOC_STRINGS = YES;
				SWIFT_OPTIMIZATION_LEVEL = "-Onone";
				SWIFT_VERSION = 5.0;
				TARGETED_DEVICE_FAMILY = "1,2";
			};
			name = Debug;
		};
		83CBBA201A601CBA00E9B192 /* Debug */ = {
			isa = XCBuildConfiguration;
			buildSettings = {
				ALWAYS_SEARCH_USER_PATHS = NO;
				CLANG_ANALYZER_LOCALIZABILITY_NONLOCALIZED = YES;
				CLANG_CXX_LANGUAGE_STANDARD = "c++20";
				CLANG_CXX_LIBRARY = "libc++";
				CLANG_ENABLE_MODULES = YES;
				CLANG_ENABLE_OBJC_ARC = YES;
				CLANG_WARN_BLOCK_CAPTURE_AUTORELEASING = YES;
				CLANG_WARN_BOOL_CONVERSION = YES;
				CLANG_WARN_COMMA = YES;
				CLANG_WARN_CONSTANT_CONVERSION = YES;
				CLANG_WARN_DEPRECATED_OBJC_IMPLEMENTATIONS = YES;
				CLANG_WARN_DIRECT_OBJC_ISA_USAGE = YES_ERROR;
				CLANG_WARN_EMPTY_BODY = YES;
				CLANG_WARN_ENUM_CONVERSION = YES;
				CLANG_WARN_INFINITE_RECURSION = YES;
				CLANG_WARN_INT_CONVERSION = YES;
				CLANG_WARN_NON_LITERAL_NULL_CONVERSION = YES;
				CLANG_WARN_OBJC_IMPLICIT_RETAIN_SELF = YES;
				CLANG_WARN_OBJC_LITERAL_CONVERSION = YES;
				CLANG_WARN_OBJC_ROOT_CLASS = YES_ERROR;
				CLANG_WARN_QUOTED_INCLUDE_IN_FRAMEWORK_HEADER = YES;
				CLANG_WARN_RANGE_LOOP_ANALYSIS = YES;
				CLANG_WARN_STRICT_PROTOTYPES = YES;
				CLANG_WARN_SUSPICIOUS_MOVE = YES;
				CLANG_WARN_UNREACHABLE_CODE = YES;
				CLANG_WARN__DUPLICATE_METHOD_MATCH = YES;
				"CODE_SIGN_IDENTITY[sdk=iphoneos*]" = "iPhone Developer";
				COPY_PHASE_STRIP = NO;
				ENABLE_STRICT_OBJC_MSGSEND = YES;
				ENABLE_TESTABILITY = YES;
				"EXCLUDED_ARCHS[sdk=iphonesimulator*]" = "";
				GCC_C_LANGUAGE_STANDARD = gnu99;
				GCC_DYNAMIC_NO_PIC = NO;
				GCC_NO_COMMON_BLOCKS = YES;
				GCC_OPTIMIZATION_LEVEL = 0;
				GCC_PREPROCESSOR_DEFINITIONS = (
					"DEBUG=1",
					"$(inherited)",
				);
				GCC_SYMBOLS_PRIVATE_EXTERN = NO;
				GCC_WARN_64_TO_32_BIT_CONVERSION = YES;
				GCC_WARN_ABOUT_RETURN_TYPE = YES_ERROR;
				GCC_WARN_UNDECLARED_SELECTOR = YES;
				GCC_WARN_UNINITIALIZED_AUTOS = YES_AGGRESSIVE;
				GCC_WARN_UNUSED_FUNCTION = YES;
				GCC_WARN_UNUSED_VARIABLE = YES;
				IPHONEOS_DEPLOYMENT_TARGET = 26.0;
				LD_RUNPATH_SEARCH_PATHS = (
					/usr/lib/swift,
					"$(inherited)",
				);
				LIBRARY_SEARCH_PATHS = (
					"\"$(SDKROOT)/usr/lib/swift\"",
					"\"$(TOOLCHAIN_DIR)/usr/lib/swift/$(PLATFORM_NAME)\"",
					"\"$(inherited)\"",
				);
				MTL_ENABLE_DEBUG_INFO = YES;
				ONLY_ACTIVE_ARCH = YES;
				OTHER_CFLAGS = "$(inherited)";
				OTHER_CPLUSPLUSFLAGS = (
					"$(OTHER_CFLAGS)",
					"-DFOLLY_NO_CONFIG",
					"-DFOLLY_MOBILE=1",
					"-DFOLLY_USE_LIBCPP=1",
					"-DFOLLY_CFG_NO_COROUTINES=1",
					"-DFOLLY_HAVE_CLOCK_GETTIME=1",
				);
				REACT_NATIVE_PATH = "${PODS_ROOT}/../../node_modules/react-native";
				SDKROOT = iphoneos;
				SWIFT_ACTIVE_COMPILATION_CONDITIONS = "$(inherited) DEBUG";
				USE_HERMES = true;
			};
			name = Debug;
		};
		83CBBA211A601CBA00E9B192 /* Release */ = {
			isa = XCBuildConfiguration;
			buildSettings = {
				ALWAYS_SEARCH_USER_PATHS = NO;
				CLANG_ANALYZER_LOCALIZABILITY_NONLOCALIZED = YES;
				CLANG_CXX_LANGUAGE_STANDARD = "c++20";
				CLANG_CXX_LIBRARY = "libc++";
				CLANG_ENABLE_MODULES = YES;
				CLANG_ENABLE_OBJC_ARC = YES;
				CLANG_WARN_BLOCK_CAPTURE_AUTORELEASING = YES;
				CLANG_WARN_BOOL_CONVERSION = YES;
				CLANG_WARN_COMMA = YES;
				CLANG_WARN_CONSTANT_CONVERSION = YES;
				CLANG_WARN_DEPRECATED_OBJC_IMPLEMENTATIONS = YES;
				CLANG_WARN_DIRECT_OBJC_ISA_USAGE = YES_ERROR;
				CLANG_WARN_EMPTY_BODY = YES;
				CLANG_WARN_ENUM_CONVERSION = YES;
				CLANG_WARN_INFINITE_RECURSION = YES;
				CLANG_WARN_INT_CONVERSION = YES;
				CLANG_WARN_NON_LITERAL_NULL_CONVERSION = YES;
				CLANG_WARN_OBJC_IMPLICIT_RETAIN_SELF = YES;
				CLANG_WARN_OBJC_LITERAL_CONVERSION = YES;
				CLANG_WARN_OBJC_ROOT_CLASS = YES_ERROR;
				CLANG_WARN_QUOTED_INCLUDE_IN_FRAMEWORK_HEADER = YES;
				CLANG_WARN_RANGE_LOOP_ANALYSIS = YES;
				CLANG_WARN_STRICT_PROTOTYPES = YES;
				CLANG_WARN_SUSPICIOUS_MOVE = YES;
				CLANG_WARN_UNREACHABLE_CODE = YES;
				CLANG_WARN__DUPLICATE_METHOD_MATCH = YES;
				"CODE_SIGN_IDENTITY[sdk=iphoneos*]" = "iPhone Developer";
				COPY_PHASE_STRIP = YES;
				ENABLE_NS_ASSERTIONS = NO;
				ENABLE_STRICT_OBJC_MSGSEND = YES;
				"EXCLUDED_ARCHS[sdk=iphonesimulator*]" = "";
				GCC_C_LANGUAGE_STANDARD = gnu99;
				GCC_NO_COMMON_BLOCKS = YES;
				GCC_WARN_64_TO_32_BIT_CONVERSION = YES;
				GCC_WARN_ABOUT_RETURN_TYPE = YES_ERROR;
				GCC_WARN_UNDECLARED_SELECTOR = YES;
				GCC_WARN_UNINITIALIZED_AUTOS = YES_AGGRESSIVE;
				GCC_WARN_UNUSED_FUNCTION = YES;
				GCC_WARN_UNUSED_VARIABLE = YES;
				IPHONEOS_DEPLOYMENT_TARGET = 26.0;
				LD_RUNPATH_SEARCH_PATHS = (
					/usr/lib/swift,
					"$(inherited)",
				);
				LIBRARY_SEARCH_PATHS = (
					"\"$(SDKROOT)/usr/lib/swift\"",
					"\"$(TOOLCHAIN_DIR)/usr/lib/swift/$(PLATFORM_NAME)\"",
					"\"$(inherited)\"",
				);
				MTL_ENABLE_DEBUG_INFO = NO;
				OTHER_CFLAGS = "$(inherited)";
				OTHER_CPLUSPLUSFLAGS = (
					"$(OTHER_CFLAGS)",
					"-DFOLLY_NO_CONFIG",
					"-DFOLLY_MOBILE=1",
					"-DFOLLY_USE_LIBCPP=1",
					"-DFOLLY_CFG_NO_COROUTINES=1",
					"-DFOLLY_HAVE_CLOCK_GETTIME=1",
				);
				REACT_NATIVE_PATH = "${PODS_ROOT}/../../node_modules/react-native";
				SDKROOT = iphoneos;
				USE_HERMES = true;
				VALIDATE_PRODUCT = YES;
			};
			name = Release;
		};
		9D7A98DF1A9CCF612B768CDB /* Release */ = {
			isa = XCBuildConfiguration;
			buildSettings = {
				ASSETCATALOG_COMPILER_GLOBAL_ACCENT_COLOR_NAME = AccentColor;
				ASSETCATALOG_COMPILER_WIDGET_BACKGROUND_COLOR_NAME = WidgetBackground;
				CLANG_ENABLE_OBJC_WEAK = NO;
				CODE_SIGN_ENTITLEMENTS = GuidrTimerWidget/GuidrTimerWidget.entitlements;
				CODE_SIGN_IDENTITY = "iPhone Distribution";
				CODE_SIGN_STYLE = Manual;
				CURRENT_PROJECT_VERSION = 1;
				GENERATE_INFOPLIST_FILE = YES;
				INFOPLIST_FILE = GuidrTimerWidget/Info.plist;
				INFOPLIST_GENERATION_MODE = GeneratedByXcode;
				IPHONEOS_DEPLOYMENT_TARGET = 26.0;
				LD_RUNPATH_SEARCH_PATHS = (
					"$(inherited)",
					"@executable_path/Frameworks",
					"@executable_path/../../Frameworks",
				);
				MARKETING_VERSION = 1.84.11;
				PRODUCT_BUNDLE_IDENTIFIER = "com.guidr.timer-widget";
				PRODUCT_NAME = GuidrTimerWidgetExtension;
				PROVISIONING_PROFILE_SPECIFIER = "match AppStore com.guidr.timer-widget";
				SDKROOT = iphoneos;
				SWIFT_EMIT_LOC_STRINGS = YES;
				SWIFT_VERSION = 5.0;
				TARGETED_DEVICE_FAMILY = "1,2";
				VALIDATE_PRODUCT = YES;
			};
			name = Release;
		};
		F2F3A4A5B6B7C8C9D0D1E2E3 /* Debug */ = {
			isa = XCBuildConfiguration;
			buildSettings = {
				CODE_SIGNING_ALLOWED = NO;
				CODE_SIGNING_REQUIRED = NO;
				CURRENT_PROJECT_VERSION = 1;
				GENERATE_INFOPLIST_FILE = YES;
				IPHONEOS_DEPLOYMENT_TARGET = 26.0;
				LD_RUNPATH_SEARCH_PATHS = (
					"$(inherited)",
					"@executable_path/Frameworks",
					"@loader_path/Frameworks",
				);
				PRODUCT_BUNDLE_IDENTIFIER = "com.guidr.widget-tests";
				PRODUCT_NAME = GuidrWidgetTests;
				SDKROOT = iphoneos;
				SWIFT_ACTIVE_COMPILATION_CONDITIONS = "$(inherited) DEBUG";
				SWIFT_EMIT_LOC_STRINGS = NO;
				SWIFT_OPTIMIZATION_LEVEL = "-Onone";
				SWIFT_VERSION = 5.0;
				TARGETED_DEVICE_FAMILY = "1,2";
			};
			name = Debug;
		};
		F4F5A6A7B8B9C0C1D2D3E4E5 /* Release */ = {
			isa = XCBuildConfiguration;
			buildSettings = {
				CODE_SIGNING_ALLOWED = NO;
				CODE_SIGNING_REQUIRED = NO;
				CURRENT_PROJECT_VERSION = 1;
				GENERATE_INFOPLIST_FILE = YES;
				IPHONEOS_DEPLOYMENT_TARGET = 26.0;
				LD_RUNPATH_SEARCH_PATHS = (
					"$(inherited)",
					"@executable_path/Frameworks",
					"@loader_path/Frameworks",
				);
				PRODUCT_BUNDLE_IDENTIFIER = "com.guidr.widget-tests";
				PRODUCT_NAME = GuidrWidgetTests;
				SDKROOT = iphoneos;
				SWIFT_EMIT_LOC_STRINGS = NO;
				SWIFT_VERSION = 5.0;
				TARGETED_DEVICE_FAMILY = "1,2";
				VALIDATE_PRODUCT = YES;
			};
			name = Release;
		};
/* End XCBuildConfiguration section */

/* Begin XCConfigurationList section */
		13B07F931A680F5B00A75B9A /* Build configuration list for PBXNativeTarget "guidr" */ = {
			isa = XCConfigurationList;
			buildConfigurations = (
				13B07F941A680F5B00A75B9A /* Debug */,
				13B07F951A680F5B00A75B9A /* Release */,
			);
			defaultConfigurationIsVisible = 0;
			defaultConfigurationName = Release;
		};
		3C83244A6FC720FA97284D3B /* Build configuration list for PBXNativeTarget "GuidrTimerWidgetExtension" */ = {
			isa = XCConfigurationList;
			buildConfigurations = (
				9D7A98DF1A9CCF612B768CDB /* Release */,
				571CB7111DAF553E92A6330C /* Debug */,
			);
			defaultConfigurationIsVisible = 0;
			defaultConfigurationName = Release;
		};
		83CBB9FA1A601CBA00E9B192 /* Build configuration list for PBXProject "guidr" */ = {
			isa = XCConfigurationList;
			buildConfigurations = (
				83CBBA201A601CBA00E9B192 /* Debug */,
				83CBBA211A601CBA00E9B192 /* Release */,
			);
			defaultConfigurationIsVisible = 0;
			defaultConfigurationName = Release;
		};
		F0F1A2A3B4B5C6C7D8D9E0E1 /* Build configuration list for PBXNativeTarget "GuidrWidgetTests" */ = {
			isa = XCConfigurationList;
			buildConfigurations = (
				F2F3A4A5B6B7C8C9D0D1E2E3 /* Debug */,
				F4F5A6A7B8B9C0C1D2D3E4E5 /* Release */,
			);
			defaultConfigurationIsVisible = 0;
			defaultConfigurationName = Release;
		};
/* End XCConfigurationList section */
	};
	rootObject = 83CBB9F71A601CBA00E9B192 /* Project object */;
}
